
Microsoft Visual Studio Solution File, Format Version 12.00
# Visual Studio Version 17
VisualStudioVersion = 17.11.35222.181
MinimumVisualStudioVersion = 10.0.40219.1
Project("{8BC9CEB8-8B4A-11D0-8D11-00A0C91BC942}") = "7.3_it", "7.3_it\7.3_it.vcxproj", "{75F7ADF2-F259-42E1-971D-449E13627CF9}"
EndProject
Project("{8BC9CEB8-8B4A-11D0-8D11-00A0C91BC942}") = "UnitTest_7.3it", "UnitTest_7.3it\UnitTest_7.3it.vcxproj", "{73741BEF-12B6-4690-BB05-15C0F3E4A6DB}"
EndProject
Global
	GlobalSection(SolutionConfigurationPlatforms) = preSolution
		Debug|x64 = Debug|x64
		Debug|x86 = Debug|x86
		Release|x64 = Release|x64
		Release|x86 = Release|x86
	EndGlobalSection
	GlobalSection(ProjectConfigurationPlatforms) = postSolution
		{75F7ADF2-F259-42E1-971D-449E13627CF9}.Debug|x64.ActiveCfg = Debug|x64
		{75F7ADF2-F259-42E1-971D-449E13627CF9}.Debug|x64.Build.0 = Debug|x64
		{75F7ADF2-F259-42E1-971D-449E13627CF9}.Debug|x86.ActiveCfg = Debug|Win32
		{75F7ADF2-F259-42E1-971D-449E13627CF9}.Debug|x86.Build.0 = Debug|Win32
		{75F7ADF2-F259-42E1-971D-449E13627CF9}.Release|x64.ActiveCfg = Release|x64
		{75F7ADF2-F259-42E1-971D-449E13627CF9}.Release|x64.Build.0 = Release|x64
		{75F7ADF2-F259-42E1-971D-449E13627CF9}.Release|x86.ActiveCfg = Release|Win32
		{75F7ADF2-F259-42E1-971D-449E13627CF9}.Release|x86.Build.0 = Release|Win32
		{73741BEF-12B6-4690-BB05-15C0F3E4A6DB}.Debug|x64.ActiveCfg = Debug|x64
		{73741BEF-12B6-4690-BB05-15C0F3E4A6DB}.Debug|x64.Build.0 = Debug|x64
		{73741BEF-12B6-4690-BB05-15C0F3E4A6DB}.Debug|x86.ActiveCfg = Debug|Win32
		{73741BEF-12B6-4690-BB05-15C0F3E4A6DB}.Debug|x86.Build.0 = Debug|Win32
		{73741BEF-12B6-4690-BB05-15C0F3E4A6DB}.Release|x64.ActiveCfg = Release|x64
		{73741BEF-12B6-4690-BB05-15C0F3E4A6DB}.Release|x64.Build.0 = Release|x64
		{73741BEF-12B6-4690-BB05-15C0F3E4A6DB}.Release|x86.ActiveCfg = Release|Win32
		{73741BEF-12B6-4690-BB05-15C0F3E4A6DB}.Release|x86.Build.0 = Release|Win32
	EndGlobalSection
	GlobalSection(SolutionProperties) = preSolution
		HideSolutionNode = FALSE
	EndGlobalSection
	GlobalSection(ExtensibilityGlobals) = postSolution
		SolutionGuid = {D1C424E4-FE8A-4C7D-82B3-25813FC0C02A}
	EndGlobalSection
EndGlobal
